
Microsoft Visual Studio Solution File, Format Version 12.00
# Visual Studio Version 17
VisualStudioVersion = 17.0.32014.148
MinimumVisualStudioVersion = 10.0.40219.1
Project("{9A19103F-16F7-4668-BE54-9A1E7A4F7556}") = "UsedCar.Backend.Domains", "src\UserdCar.Backend.Domains\UsedCar.Backend.Domains.csproj", "{E21E6E58-1DE0-4B4A-A2F8-C8B54E4FE78E}"
EndProject
Project("{2150E333-8FDC-42A3-9474-1A3956D46DE8}") = "src", "src", "{B1985547-B44C-41B8-B19D-82012210E3C2}"
EndProject
Project("{2150E333-8FDC-42A3-9474-1A3956D46DE8}") = "test", "test", "{CE147F13-2AB8-4F8B-BB76-912D608A94DD}"
EndProject
Project("{9A19103F-16F7-4668-BE54-9A1E7A4F7556}") = "UsedCar.Backend.Domains.Tests", "test\UsedCar.Backend.Domains.Tests\UsedCar.Backend.Domains.Tests.csproj", "{02197882-E872-425B-A49A-241C17D73703}"
EndProject
Project("{9A19103F-16F7-4668-BE54-9A1E7A4F7556}") = "UsedCar.Backend.UseCases", "src\UsedCar.Backend.UseCases\UsedCar.Backend.UseCases.csproj", "{C77CC3B0-C778-4DF8-8FE1-672E861BFDD7}"
EndProject
Project("{9A19103F-16F7-4668-BE54-9A1E7A4F7556}") = "UsedCar.Backend.Presentations.Functions.Users", "src\UsedCar.Backend.Presentations.Functions.Users\UsedCar.Backend.Presentations.Functions.Users.csproj", "{4D7509C0-6BA2-4554-A832-F93998D625AE}"
EndProject
Project("{9A19103F-16F7-4668-BE54-9A1E7A4F7556}") = "UsedCar.Backend.Presentations.Functions.Core", "src\UsedCar.Backend.Presentations.Functions.Core\UsedCar.Backend.Presentations.Functions.Core.csproj", "{E67BC72B-38E5-4B6B-8554-211883236814}"
EndProject
Project("{9A19103F-16F7-4668-BE54-9A1E7A4F7556}") = "UsedCar.Backend.UseCase.Tests", "test\UsedCar.Backend.UseCase.Tests\UsedCar.Backend.UseCase.Tests.csproj", "{1C6D17F4-3A32-446A-A5C7-A2FB9BA99542}"
EndProject
Project("{9A19103F-16F7-4668-BE54-9A1E7A4F7556}") = "UsedCar.Backend.Infrastructures.EntityFrameworkCore", "src\UsedCar.Backend.Infrastructures.EntityFrameworkCore\UsedCar.Backend.Infrastructures.EntityFrameworkCore.csproj", "{4C018FC4-2050-4634-B550-662DC081E644}"
EndProject
Project("{9A19103F-16F7-4668-BE54-9A1E7A4F7556}") = "UsedCar.Backend.Infrastructures.EntityFrameworkCore.Tests", "test\UsedCar.Backend.Infrastructures.EntityFrameworkCore.Tests\UsedCar.Backend.Infrastructures.EntityFrameworkCore.Tests.csproj", "{096A8C2F-8B65-4117-8587-941EF65FAF42}"
EndProject
Project("{9A19103F-16F7-4668-BE54-9A1E7A4F7556}") = "UsedCar.Backend.LoggerExtensions", "src\UsedCar.Backend.LoggerExtensions\UsedCar.Backend.LoggerExtensions.csproj", "{58638493-62C1-4A4E-B060-362C83B4F98B}"
EndProject
Project("{FAE04EC0-301F-11D3-BF4B-00C04F79EFBC}") = "UsedCar.Backend.Infrastructures.Idaas", "src\UsedCar.Backend.Infrastructures.Idaas\UsedCar.Backend.Infrastructures.Idaas.csproj", "{FE2986C0-FCC3-46A4-8C6D-555C76F838AC}"
EndProject
Global
	GlobalSection(SolutionConfigurationPlatforms) = preSolution
		Debug|Any CPU = Debug|Any CPU
		Release|Any CPU = Release|Any CPU
	EndGlobalSection
	GlobalSection(ProjectConfigurationPlatforms) = postSolution
		{E21E6E58-1DE0-4B4A-A2F8-C8B54E4FE78E}.Debug|Any CPU.ActiveCfg = Debug|Any CPU
		{E21E6E58-1DE0-4B4A-A2F8-C8B54E4FE78E}.Debug|Any CPU.Build.0 = Debug|Any CPU
		{E21E6E58-1DE0-4B4A-A2F8-C8B54E4FE78E}.Release|Any CPU.ActiveCfg = Release|Any CPU
		{E21E6E58-1DE0-4B4A-A2F8-C8B54E4FE78E}.Release|Any CPU.Build.0 = Release|Any CPU
		{02197882-E872-425B-A49A-241C17D73703}.Debug|Any CPU.ActiveCfg = Debug|Any CPU
		{02197882-E872-425B-A49A-241C17D73703}.Debug|Any CPU.Build.0 = Debug|Any CPU
		{02197882-E872-425B-A49A-241C17D73703}.Release|Any CPU.ActiveCfg = Release|Any CPU
		{02197882-E872-425B-A49A-241C17D73703}.Release|Any CPU.Build.0 = Release|Any CPU
		{C77CC3B0-C778-4DF8-8FE1-672E861BFDD7}.Debug|Any CPU.ActiveCfg = Debug|Any CPU
		{C77CC3B0-C778-4DF8-8FE1-672E861BFDD7}.Debug|Any CPU.Build.0 = Debug|Any CPU
		{C77CC3B0-C778-4DF8-8FE1-672E861BFDD7}.Release|Any CPU.ActiveCfg = Release|Any CPU
		{C77CC3B0-C778-4DF8-8FE1-672E861BFDD7}.Release|Any CPU.Build.0 = Release|Any CPU
		{4D7509C0-6BA2-4554-A832-F93998D625AE}.Debug|Any CPU.ActiveCfg = Debug|Any CPU
		{4D7509C0-6BA2-4554-A832-F93998D625AE}.Debug|Any CPU.Build.0 = Debug|Any CPU
		{4D7509C0-6BA2-4554-A832-F93998D625AE}.Release|Any CPU.ActiveCfg = Release|Any CPU
		{4D7509C0-6BA2-4554-A832-F93998D625AE}.Release|Any CPU.Build.0 = Release|Any CPU
		{E67BC72B-38E5-4B6B-8554-211883236814}.Debug|Any CPU.ActiveCfg = Debug|Any CPU
		{E67BC72B-38E5-4B6B-8554-211883236814}.Debug|Any CPU.Build.0 = Debug|Any CPU
		{E67BC72B-38E5-4B6B-8554-211883236814}.Release|Any CPU.ActiveCfg = Release|Any CPU
		{E67BC72B-38E5-4B6B-8554-211883236814}.Release|Any CPU.Build.0 = Release|Any CPU
		{1C6D17F4-3A32-446A-A5C7-A2FB9BA99542}.Debug|Any CPU.ActiveCfg = Debug|Any CPU
		{1C6D17F4-3A32-446A-A5C7-A2FB9BA99542}.Debug|Any CPU.Build.0 = Debug|Any CPU
		{1C6D17F4-3A32-446A-A5C7-A2FB9BA99542}.Release|Any CPU.ActiveCfg = Release|Any CPU
		{1C6D17F4-3A32-446A-A5C7-A2FB9BA99542}.Release|Any CPU.Build.0 = Release|Any CPU
		{4C018FC4-2050-4634-B550-662DC081E644}.Debug|Any CPU.ActiveCfg = Debug|Any CPU
		{4C018FC4-2050-4634-B550-662DC081E644}.Debug|Any CPU.Build.0 = Debug|Any CPU
		{4C018FC4-2050-4634-B550-662DC081E644}.Release|Any CPU.ActiveCfg = Release|Any CPU
		{4C018FC4-2050-4634-B550-662DC081E644}.Release|Any CPU.Build.0 = Release|Any CPU
		{096A8C2F-8B65-4117-8587-941EF65FAF42}.Debug|Any CPU.ActiveCfg = Debug|Any CPU
		{096A8C2F-8B65-4117-8587-941EF65FAF42}.Debug|Any CPU.Build.0 = Debug|Any CPU
		{096A8C2F-8B65-4117-8587-941EF65FAF42}.Release|Any CPU.ActiveCfg = Release|Any CPU
		{096A8C2F-8B65-4117-8587-941EF65FAF42}.Release|Any CPU.Build.0 = Release|Any CPU
		{58638493-62C1-4A4E-B060-362C83B4F98B}.Debug|Any CPU.ActiveCfg = Debug|Any CPU
		{58638493-62C1-4A4E-B060-362C83B4F98B}.Debug|Any CPU.Build.0 = Debug|Any CPU
		{58638493-62C1-4A4E-B060-362C83B4F98B}.Release|Any CPU.ActiveCfg = Release|Any CPU
		{58638493-62C1-4A4E-B060-362C83B4F98B}.Release|Any CPU.Build.0 = Release|Any CPU
		{FE2986C0-FCC3-46A4-8C6D-555C76F838AC}.Debug|Any CPU.ActiveCfg = Debug|Any CPU
		{FE2986C0-FCC3-46A4-8C6D-555C76F838AC}.Debug|Any CPU.Build.0 = Debug|Any CPU
		{FE2986C0-FCC3-46A4-8C6D-555C76F838AC}.Release|Any CPU.ActiveCfg = Release|Any CPU
		{FE2986C0-FCC3-46A4-8C6D-555C76F838AC}.Release|Any CPU.Build.0 = Release|Any CPU
	EndGlobalSection
	GlobalSection(SolutionProperties) = preSolution
		HideSolutionNode = FALSE
	EndGlobalSection
	GlobalSection(NestedProjects) = preSolution
		{E21E6E58-1DE0-4B4A-A2F8-C8B54E4FE78E} = {B1985547-B44C-41B8-B19D-82012210E3C2}
		{02197882-E872-425B-A49A-241C17D73703} = {CE147F13-2AB8-4F8B-BB76-912D608A94DD}
		{C77CC3B0-C778-4DF8-8FE1-672E861BFDD7} = {B1985547-B44C-41B8-B19D-82012210E3C2}
		{4D7509C0-6BA2-4554-A832-F93998D625AE} = {B1985547-B44C-41B8-B19D-82012210E3C2}
		{E67BC72B-38E5-4B6B-8554-211883236814} = {B1985547-B44C-41B8-B19D-82012210E3C2}
		{1C6D17F4-3A32-446A-A5C7-A2FB9BA99542} = {CE147F13-2AB8-4F8B-BB76-912D608A94DD}
		{4C018FC4-2050-4634-B550-662DC081E644} = {B1985547-B44C-41B8-B19D-82012210E3C2}
		{096A8C2F-8B65-4117-8587-941EF65FAF42} = {CE147F13-2AB8-4F8B-BB76-912D608A94DD}
		{58638493-62C1-4A4E-B060-362C83B4F98B} = {B1985547-B44C-41B8-B19D-82012210E3C2}
		{FE2986C0-FCC3-46A4-8C6D-555C76F838AC} = {B1985547-B44C-41B8-B19D-82012210E3C2}
	EndGlobalSection
	GlobalSection(ExtensibilityGlobals) = postSolution
		SolutionGuid = {36E22B7D-5D2D-47F5-AB4B-5559B4249AC3}
	EndGlobalSection
EndGlobal
