
Microsoft Visual Studio Solution File, Format Version 12.00
# Visual Studio Version 17
VisualStudioVersion = 17.0.32014.148
MinimumVisualStudioVersion = 10.0.40219.1
Project("{9A19103F-16F7-4668-BE54-9A1E7A4F7556}") = "UsedCar.Backend.Domains", "src\UserdCar.Backend.Domains\UsedCar.Backend.Domains.csproj", "{E21E6E58-1DE0-4B4A-A2F8-C8B54E4FE78E}"
EndProject
Project("{2150E333-8FDC-42A3-9474-1A3956D46DE8}") = "src", "src", "{B1985547-B44C-41B8-B19D-82012210E3C2}"
EndProject
Project("{2150E333-8FDC-42A3-9474-1A3956D46DE8}") = "test", "test", "{CE147F13-2AB8-4F8B-BB76-912D608A94DD}"
EndProject
Project("{FAE04EC0-301F-11D3-BF4B-00C04F79EFBC}") = "UsedCar.Backend.Domains.Tests", "test\UsedCar.Backend.Domains.Tests\UsedCar.Backend.Domains.Tests.csproj", "{3F975B43-8247-4115-9A78-D015B89DD4EE}"
EndProject
Global
	GlobalSection(SolutionConfigurationPlatforms) = preSolution
		Debug|Any CPU = Debug|Any CPU
		Release|Any CPU = Release|Any CPU
	EndGlobalSection
	GlobalSection(ProjectConfigurationPlatforms) = postSolution
		{E21E6E58-1DE0-4B4A-A2F8-C8B54E4FE78E}.Debug|Any CPU.ActiveCfg = Debug|Any CPU
		{E21E6E58-1DE0-4B4A-A2F8-C8B54E4FE78E}.Debug|Any CPU.Build.0 = Debug|Any CPU
		{E21E6E58-1DE0-4B4A-A2F8-C8B54E4FE78E}.Release|Any CPU.ActiveCfg = Release|Any CPU
		{E21E6E58-1DE0-4B4A-A2F8-C8B54E4FE78E}.Release|Any CPU.Build.0 = Release|Any CPU
		{3F975B43-8247-4115-9A78-D015B89DD4EE}.Debug|Any CPU.ActiveCfg = Debug|Any CPU
		{3F975B43-8247-4115-9A78-D015B89DD4EE}.Debug|Any CPU.Build.0 = Debug|Any CPU
		{3F975B43-8247-4115-9A78-D015B89DD4EE}.Release|Any CPU.ActiveCfg = Release|Any CPU
		{3F975B43-8247-4115-9A78-D015B89DD4EE}.Release|Any CPU.Build.0 = Release|Any CPU
	EndGlobalSection
	GlobalSection(SolutionProperties) = preSolution
		HideSolutionNode = FALSE
	EndGlobalSection
	GlobalSection(NestedProjects) = preSolution
		{E21E6E58-1DE0-4B4A-A2F8-C8B54E4FE78E} = {B1985547-B44C-41B8-B19D-82012210E3C2}
		{3F975B43-8247-4115-9A78-D015B89DD4EE} = {CE147F13-2AB8-4F8B-BB76-912D608A94DD}
	EndGlobalSection
	GlobalSection(ExtensibilityGlobals) = postSolution
		SolutionGuid = {36E22B7D-5D2D-47F5-AB4B-5559B4249AC3}
	EndGlobalSection
EndGlobal
